// !$*UTF8*$!
{
	archiveVersion = 1;
	classes = {
	};
	objectVersion = 46;
	objects = {

/* Begin PBXBuildFile section */
		1A0D0A371A024A5D00B46930 /* MscHTTPSURLConnectionError.m in Sources */ = {isa = PBXBuildFile; fileRef = 1A0D0A361A024A5D00B46930 /* MscHTTPSURLConnectionError.m */; };
		1A0D0A3C1A024AE000B46930 /* MscHTTPSURLConnectionLocalException.m in Sources */ = {isa = PBXBuildFile; fileRef = 1A0D0A3B1A024AE000B46930 /* MscHTTPSURLConnectionLocalException.m */; };
		1A0D0A3D1A024FA800B46930 /* MscHTTPSURLConnectionError.h in CopyFiles */ = {isa = PBXBuildFile; fileRef = 1A0D0A351A024A5D00B46930 /* MscHTTPSURLConnectionError.h */; };
		1A7AD56419FE4BCC009697A1 /* MscHTTPSValidatorDelegate.h in CopyFiles */ = {isa = PBXBuildFile; fileRef = 1A923AE619FE3FD400169C84 /* MscHTTPSValidatorDelegate.h */; };
		1A923AB819FE3CCD00169C84 /* MscHTTPSURLConnection.h in CopyFiles */ = {isa = PBXBuildFile; fileRef = 1A923AB719FE3CCD00169C84 /* MscHTTPSURLConnection.h */; };
		1A923ABA19FE3CCE00169C84 /* MscHTTPSURLConnection.m in Sources */ = {isa = PBXBuildFile; fileRef = 1A923AB919FE3CCE00169C84 /* MscHTTPSURLConnection.m */; };
/* End PBXBuildFile section */

/* Begin PBXCopyFilesBuildPhase section */
		1A923AB219FE3CCD00169C84 /* CopyFiles */ = {
			isa = PBXCopyFilesBuildPhase;
			buildActionMask = 2147483647;
			dstPath = "include/${PRODUCT_NAME}";
			dstSubfolderSpec = 16;
			files = (
				1A0D0A3D1A024FA800B46930 /* MscHTTPSURLConnectionError.h in CopyFiles */,
				1A7AD56419FE4BCC009697A1 /* MscHTTPSValidatorDelegate.h in CopyFiles */,
				1A923AB819FE3CCD00169C84 /* MscHTTPSURLConnection.h in CopyFiles */,
			);
			runOnlyForDeploymentPostprocessing = 0;
		};
/* End PBXCopyFilesBuildPhase section */

/* Begin PBXFileReference section */
		1A0D0A351A024A5D00B46930 /* MscHTTPSURLConnectionError.h */ = {isa = PBXFileReference; fileEncoding = 4; lastKnownFileType = sourcecode.c.h; path = MscHTTPSURLConnectionError.h; sourceTree = "<group>"; };
		1A0D0A361A024A5D00B46930 /* MscHTTPSURLConnectionError.m */ = {isa = PBXFileReference; fileEncoding = 4; lastKnownFileType = sourcecode.c.objc; path = MscHTTPSURLConnectionError.m; sourceTree = "<group>"; };
		1A0D0A3A1A024AE000B46930 /* MscHTTPSURLConnectionLocalException.h */ = {isa = PBXFileReference; fileEncoding = 4; lastKnownFileType = sourcecode.c.h; path = MscHTTPSURLConnectionLocalException.h; sourceTree = "<group>"; };
		1A0D0A3B1A024AE000B46930 /* MscHTTPSURLConnectionLocalException.m */ = {isa = PBXFileReference; fileEncoding = 4; lastKnownFileType = sourcecode.c.objc; path = MscHTTPSURLConnectionLocalException.m; sourceTree = "<group>"; };
		1A923AB419FE3CCD00169C84 /* libMscHTTPSURLConnection.a */ = {isa = PBXFileReference; explicitFileType = archive.ar; includeInIndex = 0; path = libMscHTTPSURLConnection.a; sourceTree = BUILT_PRODUCTS_DIR; };
		1A923AB719FE3CCD00169C84 /* MscHTTPSURLConnection.h */ = {isa = PBXFileReference; lastKnownFileType = sourcecode.c.h; path = MscHTTPSURLConnection.h; sourceTree = "<group>"; };
		1A923AB919FE3CCE00169C84 /* MscHTTPSURLConnection.m */ = {isa = PBXFileReference; lastKnownFileType = sourcecode.c.objc; path = MscHTTPSURLConnection.m; sourceTree = "<group>"; };
		1A923AE619FE3FD400169C84 /* MscHTTPSValidatorDelegate.h */ = {isa = PBXFileReference; fileEncoding = 4; lastKnownFileType = sourcecode.c.h; path = MscHTTPSValidatorDelegate.h; sourceTree = "<group>"; };
		1AB147241A0820A20001EBB9 /* MscX509Common.xcodeproj */ = {isa = PBXFileReference; lastKnownFileType = "wrapper.pb-project"; name = MscX509Common.xcodeproj; path = ../MscX509Common/MscX509Common.xcodeproj; sourceTree = "<group>"; };
/* End PBXFileReference section */

/* Begin PBXFrameworksBuildPhase section */
		1A923AB119FE3CCD00169C84 /* Frameworks */ = {
			isa = PBXFrameworksBuildPhase;
			buildActionMask = 2147483647;
			files = (
			);
			runOnlyForDeploymentPostprocessing = 0;
		};
/* End PBXFrameworksBuildPhase section */

/* Begin PBXGroup section */
		1A923AAB19FE3CCD00169C84 = {
			isa = PBXGroup;
			children = (
				1AB147241A0820A20001EBB9 /* MscX509Common.xcodeproj */,
				1A923AB619FE3CCD00169C84 /* MscHTTPSURLConnection */,
				1A923AB519FE3CCD00169C84 /* Products */,
			);
			sourceTree = "<group>";
		};
		1A923AB519FE3CCD00169C84 /* Products */ = {
			isa = PBXGroup;
			children = (
				1A923AB419FE3CCD00169C84 /* libMscHTTPSURLConnection.a */,
			);
			name = Products;
			sourceTree = "<group>";
		};
		1A923AB619FE3CCD00169C84 /* MscHTTPSURLConnection */ = {
			isa = PBXGroup;
			children = (
				1A923AB719FE3CCD00169C84 /* MscHTTPSURLConnection.h */,
				1A923AB919FE3CCE00169C84 /* MscHTTPSURLConnection.m */,
				1A923AE619FE3FD400169C84 /* MscHTTPSValidatorDelegate.h */,
				1A0D0A351A024A5D00B46930 /* MscHTTPSURLConnectionError.h */,
				1A0D0A361A024A5D00B46930 /* MscHTTPSURLConnectionError.m */,
				1A0D0A3A1A024AE000B46930 /* MscHTTPSURLConnectionLocalException.h */,
				1A0D0A3B1A024AE000B46930 /* MscHTTPSURLConnectionLocalException.m */,
			);
			name = MscHTTPSURLConnection;
			path = src;
			sourceTree = "<group>";
		};
/* End PBXGroup section */

/* Begin PBXNativeTarget section */
		1A923AB319FE3CCD00169C84 /* MscHTTPSURLConnection */ = {
			isa = PBXNativeTarget;
			buildConfigurationList = 1A923AC519FE3CCE00169C84 /* Build configuration list for PBXNativeTarget "MscHTTPSURLConnection" */;
			buildPhases = (
				1A923AB019FE3CCD00169C84 /* Sources */,
				1A923AB119FE3CCD00169C84 /* Frameworks */,
				1A923AB219FE3CCD00169C84 /* CopyFiles */,
			);
			buildRules = (
			);
			dependencies = (
			);
			name = MscHTTPSURLConnection;
			productName = MscHTTPSURLConnection;
			productReference = 1A923AB419FE3CCD00169C84 /* libMscHTTPSURLConnection.a */;
			productType = "com.apple.product-type.library.static";
		};
/* End PBXNativeTarget section */

/* Begin PBXProject section */
		1A923AAC19FE3CCD00169C84 /* Project object */ = {
			isa = PBXProject;
			attributes = {
				LastUpgradeCheck = 0600;
				ORGANIZATIONNAME = "Lendvai Richárd";
				TargetAttributes = {
					1A923AB319FE3CCD00169C84 = {
						CreatedOnToolsVersion = 6.0.1;
					};
				};
			};
			buildConfigurationList = 1A923AAF19FE3CCD00169C84 /* Build configuration list for PBXProject "MscHTTPSURLConnection" */;
			compatibilityVersion = "Xcode 3.2";
			developmentRegion = English;
			hasScannedForEncodings = 0;
			knownRegions = (
				en,
			);
			mainGroup = 1A923AAB19FE3CCD00169C84;
			productRefGroup = 1A923AB519FE3CCD00169C84 /* Products */;
			projectDirPath = "";
			projectRoot = "";
			targets = (
				1A923AB319FE3CCD00169C84 /* MscHTTPSURLConnection */,
			);
		};
/* End PBXProject section */

/* Begin PBXSourcesBuildPhase section */
		1A923AB019FE3CCD00169C84 /* Sources */ = {
			isa = PBXSourcesBuildPhase;
			buildActionMask = 2147483647;
			files = (
				1A0D0A371A024A5D00B46930 /* MscHTTPSURLConnectionError.m in Sources */,
				1A0D0A3C1A024AE000B46930 /* MscHTTPSURLConnectionLocalException.m in Sources */,
				1A923ABA19FE3CCE00169C84 /* MscHTTPSURLConnection.m in Sources */,
			);
			runOnlyForDeploymentPostprocessing = 0;
		};
/* End PBXSourcesBuildPhase section */

/* Begin XCBuildConfiguration section */
		1A923AC319FE3CCE00169C84 /* Debug */ = {
			isa = XCBuildConfiguration;
			buildSettings = {
				ALWAYS_SEARCH_USER_PATHS = YES;
				CLANG_CXX_LANGUAGE_STANDARD = "gnu++0x";
				CLANG_CXX_LIBRARY = "libc++";
				CLANG_ENABLE_MODULES = YES;
				CLANG_ENABLE_OBJC_ARC = YES;
				CLANG_WARN_BOOL_CONVERSION = YES;
				CLANG_WARN_CONSTANT_CONVERSION = YES;
				CLANG_WARN_DIRECT_OBJC_ISA_USAGE = YES_ERROR;
				CLANG_WARN_EMPTY_BODY = YES;
				CLANG_WARN_ENUM_CONVERSION = YES;
				CLANG_WARN_INT_CONVERSION = YES;
				CLANG_WARN_OBJC_ROOT_CLASS = YES_ERROR;
				CLANG_WARN_UNREACHABLE_CODE = YES;
				CLANG_WARN__DUPLICATE_METHOD_MATCH = YES;
				COPY_PHASE_STRIP = NO;
				ENABLE_STRICT_OBJC_MSGSEND = YES;
				GCC_C_LANGUAGE_STANDARD = gnu99;
				GCC_DYNAMIC_NO_PIC = NO;
				GCC_OPTIMIZATION_LEVEL = 0;
				GCC_PREPROCESSOR_DEFINITIONS = (
					"DEBUG=1",
					"$(inherited)",
				);
				GCC_SYMBOLS_PRIVATE_EXTERN = NO;
				GCC_WARN_64_TO_32_BIT_CONVERSION = YES;
				GCC_WARN_ABOUT_RETURN_TYPE = YES_ERROR;
				GCC_WARN_UNDECLARED_SELECTOR = YES;
				GCC_WARN_UNINITIALIZED_AUTOS = YES_AGGRESSIVE;
				GCC_WARN_UNUSED_FUNCTION = YES;
				GCC_WARN_UNUSED_VARIABLE = YES;
				IPHONEOS_DEPLOYMENT_TARGET = 5.0;
				MTL_ENABLE_DEBUG_INFO = YES;
				ONLY_ACTIVE_ARCH = YES;
				SDKROOT = iphoneos;
				USER_HEADER_SEARCH_PATHS = "$(PROJECT_DIR)/../MscX509Common/include";
			};
			name = Debug;
		};
		1A923AC419FE3CCE00169C84 /* Release */ = {
			isa = XCBuildConfiguration;
			buildSettings = {
				ALWAYS_SEARCH_USER_PATHS = YES;
				CLANG_CXX_LANGUAGE_STANDARD = "gnu++0x";
				CLANG_CXX_LIBRARY = "libc++";
				CLANG_ENABLE_MODULES = YES;
				CLANG_ENABLE_OBJC_ARC = YES;
				CLANG_WARN_BOOL_CONVERSION = YES;
				CLANG_WARN_CONSTANT_CONVERSION = YES;
				CLANG_WARN_DIRECT_OBJC_ISA_USAGE = YES_ERROR;
				CLANG_WARN_EMPTY_BODY = YES;
				CLANG_WARN_ENUM_CONVERSION = YES;
				CLANG_WARN_INT_CONVERSION = YES;
				CLANG_WARN_OBJC_ROOT_CLASS = YES_ERROR;
				CLANG_WARN_UNREACHABLE_CODE = YES;
				CLANG_WARN__DUPLICATE_METHOD_MATCH = YES;
				COPY_PHASE_STRIP = YES;
				ENABLE_NS_ASSERTIONS = NO;
				ENABLE_STRICT_OBJC_MSGSEND = YES;
				GCC_C_LANGUAGE_STANDARD = gnu99;
				GCC_WARN_64_TO_32_BIT_CONVERSION = YES;
				GCC_WARN_ABOUT_RETURN_TYPE = YES_ERROR;
				GCC_WARN_UNDECLARED_SELECTOR = YES;
				GCC_WARN_UNINITIALIZED_AUTOS = YES_AGGRESSIVE;
				GCC_WARN_UNUSED_FUNCTION = YES;
				GCC_WARN_UNUSED_VARIABLE = YES;
				IPHONEOS_DEPLOYMENT_TARGET = 5.0;
				MTL_ENABLE_DEBUG_INFO = NO;
				SDKROOT = iphoneos;
				USER_HEADER_SEARCH_PATHS = "$(PROJECT_DIR)/../MscX509Common/include";
				VALIDATE_PRODUCT = YES;
			};
			name = Release;
		};
		1A923AC619FE3CCE00169C84 /* Debug */ = {
			isa = XCBuildConfiguration;
			buildSettings = {
				LIBRARY_SEARCH_PATHS = "";
				ONLY_ACTIVE_ARCH = NO;
				OTHER_LDFLAGS = "-ObjC";
				PRODUCT_NAME = "$(TARGET_NAME)";
				SKIP_INSTALL = YES;
				USER_HEADER_SEARCH_PATHS = "$(inherited)";
			};
			name = Debug;
		};
		1A923AC719FE3CCE00169C84 /* Release */ = {
			isa = XCBuildConfiguration;
			buildSettings = {
				LIBRARY_SEARCH_PATHS = "";
				ONLY_ACTIVE_ARCH = NO;
				OTHER_LDFLAGS = "-ObjC";
				PRODUCT_NAME = "$(TARGET_NAME)";
				SKIP_INSTALL = YES;
				USER_HEADER_SEARCH_PATHS = "$(inherited)";
			};
			name = Release;
		};
/* End XCBuildConfiguration section */

/* Begin XCConfigurationList section */
		1A923AAF19FE3CCD00169C84 /* Build configuration list for PBXProject "MscHTTPSURLConnection" */ = {
			isa = XCConfigurationList;
			buildConfigurations = (
				1A923AC319FE3CCE00169C84 /* Debug */,
				1A923AC419FE3CCE00169C84 /* Release */,
			);
			defaultConfigurationIsVisible = 0;
			defaultConfigurationName = Release;
		};
		1A923AC519FE3CCE00169C84 /* Build configuration list for PBXNativeTarget "MscHTTPSURLConnection" */ = {
			isa = XCConfigurationList;
			buildConfigurations = (
				1A923AC619FE3CCE00169C84 /* Debug */,
				1A923AC719FE3CCE00169C84 /* Release */,
			);
			defaultConfigurationIsVisible = 0;
			defaultConfigurationName = Release;
		};
/* End XCConfigurationList section */
	};
	rootObject = 1A923AAC19FE3CCD00169C84 /* Project object */;
}
